// !$*UTF8*$!
{
	archiveVersion = 1;
	classes = {
	};
	objectVersion = 50;
	objects = {

/* Begin PBXBuildFile section */
		F33642B421ED14A400733DEC /* libSDL2.a in Frameworks */ = {isa = PBXBuildFile; fileRef = F3F9B59721ED141600DA0BB2 /* libSDL2.a */; };
		F33642B621ED14B300733DEC /* GameController.framework in Frameworks */ = {isa = PBXBuildFile; fileRef = F33642B521ED14B300733DEC /* GameController.framework */; };
		F33642B821ED14BA00733DEC /* Foundation.framework in Frameworks */ = {isa = PBXBuildFile; fileRef = F33642B721ED14BA00733DEC /* Foundation.framework */; };
		F33642BA21ED14C000733DEC /* UIKit.framework in Frameworks */ = {isa = PBXBuildFile; fileRef = F33642B921ED14C000733DEC /* UIKit.framework */; };
		F33642BC21ED14C700733DEC /* OpenGLES.framework in Frameworks */ = {isa = PBXBuildFile; fileRef = F33642BB21ED14C700733DEC /* OpenGLES.framework */; };
		F33642BE21ED14CD00733DEC /* QuartzCore.framework in Frameworks */ = {isa = PBXBuildFile; fileRef = F33642BD21ED14CD00733DEC /* QuartzCore.framework */; };
		F33642C021ED14D600733DEC /* CoreAudio.framework in Frameworks */ = {isa = PBXBuildFile; fileRef = F33642BF21ED14D600733DEC /* CoreAudio.framework */; };
		F33642C221ED14E200733DEC /* AudioToolbox.framework in Frameworks */ = {isa = PBXBuildFile; fileRef = F33642C121ED14E200733DEC /* AudioToolbox.framework */; };
		F33642C421ED14E900733DEC /* CoreGraphics.framework in Frameworks */ = {isa = PBXBuildFile; fileRef = F33642C321ED14E900733DEC /* CoreGraphics.framework */; };
		F33642C621ED14EE00733DEC /* CoreMotion.framework in Frameworks */ = {isa = PBXBuildFile; fileRef = F33642C521ED14EE00733DEC /* CoreMotion.framework */; };
		F33642C821ED14F400733DEC /* Metal.framework in Frameworks */ = {isa = PBXBuildFile; fileRef = F33642C721ED14F300733DEC /* Metal.framework */; };
		F33642CA21ED14F900733DEC /* CoreBluetooth.framework in Frameworks */ = {isa = PBXBuildFile; fileRef = F33642C921ED14F900733DEC /* CoreBluetooth.framework */; };
		F33642CC21ED14FF00733DEC /* AVFoundation.framework in Frameworks */ = {isa = PBXBuildFile; fileRef = F33642CB21ED14FF00733DEC /* AVFoundation.framework */; };
		F3F9B58421ED139A00DA0BB2 /* Assets.xcassets in Resources */ = {isa = PBXBuildFile; fileRef = F3F9B58321ED139A00DA0BB2 /* Assets.xcassets */; };
		F3F9B58721ED139A00DA0BB2 /* LaunchScreen.storyboard in Resources */ = {isa = PBXBuildFile; fileRef = F3F9B58521ED139A00DA0BB2 /* LaunchScreen.storyboard */; };
/* End PBXBuildFile section */

/* Begin PBXContainerItemProxy section */
		F3F9B59621ED141600DA0BB2 /* PBXContainerItemProxy */ = {
			isa = PBXContainerItemProxy;
			containerPortal = F3F9B58E21ED141500DA0BB2 /* SDL.xcodeproj */;
			proxyType = 2;
			remoteGlobalIDString = FD6526630DE8FCCB002AD96B;
			remoteInfo = "libSDL-iOS";
		};
		F3F9B59821ED141600DA0BB2 /* PBXContainerItemProxy */ = {
			isa = PBXContainerItemProxy;
			containerPortal = F3F9B58E21ED141500DA0BB2 /* SDL.xcodeproj */;
			proxyType = 2;
			remoteGlobalIDString = FAB598141BB5C1B100BE72C5;
			remoteInfo = "libSDL-tvOS";
		};
/* End PBXContainerItemProxy section */

/* Begin PBXFileReference section */
		F33642B521ED14B300733DEC /* GameController.framework */ = {isa = PBXFileReference; lastKnownFileType = wrapper.framework; name = GameController.framework; path = System/Library/Frameworks/GameController.framework; sourceTree = SDKROOT; };
		F33642B721ED14BA00733DEC /* Foundation.framework */ = {isa = PBXFileReference; lastKnownFileType = wrapper.framework; name = Foundation.framework; path = System/Library/Frameworks/Foundation.framework; sourceTree = SDKROOT; };
		F33642B921ED14C000733DEC /* UIKit.framework */ = {isa = PBXFileReference; lastKnownFileType = wrapper.framework; name = UIKit.framework; path = System/Library/Frameworks/UIKit.framework; sourceTree = SDKROOT; };
		F33642BB21ED14C700733DEC /* OpenGLES.framework */ = {isa = PBXFileReference; lastKnownFileType = wrapper.framework; name = OpenGLES.framework; path = System/Library/Frameworks/OpenGLES.framework; sourceTree = SDKROOT; };
		F33642BD21ED14CD00733DEC /* QuartzCore.framework */ = {isa = PBXFileReference; lastKnownFileType = wrapper.framework; name = QuartzCore.framework; path = System/Library/Frameworks/QuartzCore.framework; sourceTree = SDKROOT; };
		F33642BF21ED14D600733DEC /* CoreAudio.framework */ = {isa = PBXFileReference; lastKnownFileType = wrapper.framework; name = CoreAudio.framework; path = System/Library/Frameworks/CoreAudio.framework; sourceTree = SDKROOT; };
		F33642C121ED14E200733DEC /* AudioToolbox.framework */ = {isa = PBXFileReference; lastKnownFileType = wrapper.framework; name = AudioToolbox.framework; path = System/Library/Frameworks/AudioToolbox.framework; sourceTree = SDKROOT; };
		F33642C321ED14E900733DEC /* CoreGraphics.framework */ = {isa = PBXFileReference; lastKnownFileType = wrapper.framework; name = CoreGraphics.framework; path = System/Library/Frameworks/CoreGraphics.framework; sourceTree = SDKROOT; };
		F33642C521ED14EE00733DEC /* CoreMotion.framework */ = {isa = PBXFileReference; lastKnownFileType = wrapper.framework; name = CoreMotion.framework; path = System/Library/Frameworks/CoreMotion.framework; sourceTree = SDKROOT; };
		F33642C721ED14F300733DEC /* Metal.framework */ = {isa = PBXFileReference; lastKnownFileType = wrapper.framework; name = Metal.framework; path = System/Library/Frameworks/Metal.framework; sourceTree = SDKROOT; };
		F33642C921ED14F900733DEC /* CoreBluetooth.framework */ = {isa = PBXFileReference; lastKnownFileType = wrapper.framework; name = CoreBluetooth.framework; path = System/Library/Frameworks/CoreBluetooth.framework; sourceTree = SDKROOT; };
		F33642CB21ED14FF00733DEC /* AVFoundation.framework */ = {isa = PBXFileReference; lastKnownFileType = wrapper.framework; name = AVFoundation.framework; path = System/Library/Frameworks/AVFoundation.framework; sourceTree = SDKROOT; };
		F3F9B57921ED139900DA0BB2 /* PROJFOO.app */ = {isa = PBXFileReference; explicitFileType = wrapper.application; includeInIndex = 0; path = PROJFOO.app; sourceTree = BUILT_PRODUCTS_DIR; };
		F3F9B58321ED139A00DA0BB2 /* Assets.xcassets */ = {isa = PBXFileReference; lastKnownFileType = folder.assetcatalog; path = Assets.xcassets; sourceTree = "<group>"; };
		F3F9B58621ED139A00DA0BB2 /* Base */ = {isa = PBXFileReference; lastKnownFileType = file.storyboard; name = Base; path = Base.lproj/LaunchScreen.storyboard; sourceTree = "<group>"; };
		F3F9B58821ED139A00DA0BB2 /* Info.plist */ = {isa = PBXFileReference; lastKnownFileType = text.plist.xml; path = Info.plist; sourceTree = "<group>"; };
		F3F9B58E21ED141500DA0BB2 /* SDL.xcodeproj */ = {isa = PBXFileReference; lastKnownFileType = "wrapper.pb-project"; name = SDL.xcodeproj; path = "../../Downloads/SDL2-2.0.9/Xcode-iOS/SDL/SDL.xcodeproj"; sourceTree = "<group>"; };
/* End PBXFileReference section */

/* Begin PBXFrameworksBuildPhase section */
		F3F9B57621ED139900DA0BB2 /* Frameworks */ = {
			isa = PBXFrameworksBuildPhase;
			buildActionMask = 2147483647;
			files = (
				F33642CC21ED14FF00733DEC /* AVFoundation.framework in Frameworks */,
				F33642CA21ED14F900733DEC /* CoreBluetooth.framework in Frameworks */,
				F33642C821ED14F400733DEC /* Metal.framework in Frameworks */,
				F33642C621ED14EE00733DEC /* CoreMotion.framework in Frameworks */,
				F33642C421ED14E900733DEC /* CoreGraphics.framework in Frameworks */,
				F33642C221ED14E200733DEC /* AudioToolbox.framework in Frameworks */,
				F33642C021ED14D600733DEC /* CoreAudio.framework in Frameworks */,
				F33642BE21ED14CD00733DEC /* QuartzCore.framework in Frameworks */,
				F33642BC21ED14C700733DEC /* OpenGLES.framework in Frameworks */,
				F33642BA21ED14C000733DEC /* UIKit.framework in Frameworks */,
				F33642B821ED14BA00733DEC /* Foundation.framework in Frameworks */,
				F33642B621ED14B300733DEC /* GameController.framework in Frameworks */,
				F33642B421ED14A400733DEC /* libSDL2.a in Frameworks */,
			);
			runOnlyForDeploymentPostprocessing = 0;
		};
/* End PBXFrameworksBuildPhase section */

/* Begin PBXGroup section */
		F33642AE21ED14A400733DEC /* Frameworks */ = {
			isa = PBXGroup;
			children = (
				F33642CB21ED14FF00733DEC /* AVFoundation.framework */,
				F33642C921ED14F900733DEC /* CoreBluetooth.framework */,
				F33642C721ED14F300733DEC /* Metal.framework */,
				F33642C521ED14EE00733DEC /* CoreMotion.framework */,
				F33642C321ED14E900733DEC /* CoreGraphics.framework */,
				F33642C121ED14E200733DEC /* AudioToolbox.framework */,
				F33642BF21ED14D600733DEC /* CoreAudio.framework */,
				F33642BD21ED14CD00733DEC /* QuartzCore.framework */,
				F33642BB21ED14C700733DEC /* OpenGLES.framework */,
				F33642B921ED14C000733DEC /* UIKit.framework */,
				F33642B721ED14BA00733DEC /* Foundation.framework */,
				F33642B521ED14B300733DEC /* GameController.framework */,
			);
			name = Frameworks;
			sourceTree = "<group>";
		};
		F3F9B57021ED139900DA0BB2 = {
			isa = PBXGroup;
			children = (
				F3F9B58E21ED141500DA0BB2 /* SDL.xcodeproj */,
				F3F9B57B21ED139900DA0BB2 /* PROJFOO */,
				F3F9B57A21ED139900DA0BB2 /* Products */,
				F33642AE21ED14A400733DEC /* Frameworks */,
			);
			sourceTree = "<group>";
		};
		F3F9B57A21ED139900DA0BB2 /* Products */ = {
			isa = PBXGroup;
			children = (
				F3F9B57921ED139900DA0BB2 /* PROJFOO.app */,
			);
			name = Products;
			sourceTree = "<group>";
		};
		F3F9B57B21ED139900DA0BB2 /* PROJFOO */ = {
			isa = PBXGroup;
			children = (
				F3F9B58321ED139A00DA0BB2 /* Assets.xcassets */,
				F3F9B58521ED139A00DA0BB2 /* LaunchScreen.storyboard */,
				F3F9B58821ED139A00DA0BB2 /* Info.plist */,
			);
			path = PROJFOO;
			sourceTree = "<group>";
		};
		F3F9B58F21ED141500DA0BB2 /* Products */ = {
			isa = PBXGroup;
			children = (
				F3F9B59721ED141600DA0BB2 /* libSDL2.a */,
				F3F9B59921ED141600DA0BB2 /* libSDL2.a */,
			);
			name = Products;
			sourceTree = "<group>";
		};
/* End PBXGroup section */

/* Begin PBXNativeTarget section */
		F3F9B57821ED139900DA0BB2 /* PROJFOO */ = {
			isa = PBXNativeTarget;
			buildConfigurationList = F3F9B58B21ED139A00DA0BB2 /* Build configuration list for PBXNativeTarget "PROJFOO" */;
			buildPhases = (
				F3F9B57521ED139900DA0BB2 /* Sources */,
				F3F9B57621ED139900DA0BB2 /* Frameworks */,
				F3F9B57721ED139900DA0BB2 /* Resources */,
			);
			buildRules = (
			);
			dependencies = (
			);
			name = PROJFOO;
			productName = PROJFOO;
			productReference = F3F9B57921ED139900DA0BB2 /* PROJFOO.app */;
			productType = "com.apple.product-type.application";
		};
/* End PBXNativeTarget section */

/* Begin PBXProject section */
		F3F9B57121ED139900DA0BB2 /* Project object */ = {
			isa = PBXProject;
			attributes = {
				LastSwiftUpdateCheck = 1010;
				LastUpgradeCheck = 1010;
				ORGANIZATIONNAME = user913046;
				TargetAttributes = {
					F3F9B57821ED139900DA0BB2 = {
						CreatedOnToolsVersion = 10.1;
					};
				};
			};
			buildConfigurationList = F3F9B57421ED139900DA0BB2 /* Build configuration list for PBXProject "PROJFOO" */;
			compatibilityVersion = "Xcode 9.3";
			developmentRegion = en;
			hasScannedForEncodings = 0;
			knownRegions = (
				en,
				Base,
			);
			mainGroup = F3F9B57021ED139900DA0BB2;
			productRefGroup = F3F9B57A21ED139900DA0BB2 /* Products */;
			projectDirPath = "";
			projectReferences = (
				{
					ProductGroup = F3F9B58F21ED141500DA0BB2 /* Products */;
					ProjectRef = F3F9B58E21ED141500DA0BB2 /* SDL.xcodeproj */;
				},
			);
			projectRoot = "";
			targets = (
				F3F9B57821ED139900DA0BB2 /* PROJFOO */,
			);
		};
/* End PBXProject section */

/* Begin PBXReferenceProxy section */
		F3F9B59721ED141600DA0BB2 /* libSDL2.a */ = {
			isa = PBXReferenceProxy;
			fileType = archive.ar;
			path = libSDL2.a;
			remoteRef = F3F9B59621ED141600DA0BB2 /* PBXContainerItemProxy */;
			sourceTree = BUILT_PRODUCTS_DIR;
		};
		F3F9B59921ED141600DA0BB2 /* libSDL2.a */ = {
			isa = PBXReferenceProxy;
			fileType = archive.ar;
			path = libSDL2.a;
			remoteRef = F3F9B59821ED141600DA0BB2 /* PBXContainerItemProxy */;
			sourceTree = BUILT_PRODUCTS_DIR;
		};
/* End PBXReferenceProxy section */

/* Begin PBXResourcesBuildPhase section */
		F3F9B57721ED139900DA0BB2 /* Resources */ = {
			isa = PBXResourcesBuildPhase;
			buildActionMask = 2147483647;
			files = (
				F3F9B58721ED139A00DA0BB2 /* LaunchScreen.storyboard in Resources */,
				F3F9B58421ED139A00DA0BB2 /* Assets.xcassets in Resources */,
			);
			runOnlyForDeploymentPostprocessing = 0;
		};
/* End PBXResourcesBuildPhase section */

/* Begin PBXSourcesBuildPhase section */
		F3F9B57521ED139900DA0BB2 /* Sources */ = {
			isa = PBXSourcesBuildPhase;
			buildActionMask = 2147483647;
			files = (
			);
			runOnlyForDeploymentPostprocessing = 0;
		};
/* End PBXSourcesBuildPhase section */

/* Begin PBXVariantGroup section */
		F3F9B58521ED139A00DA0BB2 /* LaunchScreen.storyboard */ = {
			isa = PBXVariantGroup;
			children = (
				F3F9B58621ED139A00DA0BB2 /* Base */,
			);
			name = LaunchScreen.storyboard;
			sourceTree = "<group>";
		};
/* End PBXVariantGroup section */

/* Begin XCBuildConfiguration section */
		F3F9B58921ED139A00DA0BB2 /* Debug */ = {
			isa = XCBuildConfiguration;
			buildSettings = {
				ALWAYS_SEARCH_USER_PATHS = NO;
				CLANG_ANALYZER_NONNULL = YES;
				CLANG_ANALYZER_NUMBER_OBJECT_CONVERSION = YES_AGGRESSIVE;
				CLANG_CXX_LANGUAGE_STANDARD = "gnu++14";
				CLANG_CXX_LIBRARY = "libc++";
				CLANG_ENABLE_MODULES = YES;
				CLANG_ENABLE_OBJC_ARC = YES;
				CLANG_ENABLE_OBJC_WEAK = YES;
				CLANG_WARN_BLOCK_CAPTURE_AUTORELEASING = YES;
				CLANG_WARN_BOOL_CONVERSION = YES;
				CLANG_WARN_COMMA = YES;
				CLANG_WARN_CONSTANT_CONVERSION = YES;
				CLANG_WARN_DEPRECATED_OBJC_IMPLEMENTATIONS = YES;
				CLANG_WARN_DIRECT_OBJC_ISA_USAGE = YES_ERROR;
				CLANG_WARN_DOCUMENTATION_COMMENTS = YES;
				CLANG_WARN_EMPTY_BODY = YES;
				CLANG_WARN_ENUM_CONVERSION = YES;
				CLANG_WARN_INFINITE_RECURSION = YES;
				CLANG_WARN_INT_CONVERSION = YES;
				CLANG_WARN_NON_LITERAL_NULL_CONVERSION = YES;
				CLANG_WARN_OBJC_IMPLICIT_RETAIN_SELF = YES;
				CLANG_WARN_OBJC_LITERAL_CONVERSION = YES;
				CLANG_WARN_OBJC_ROOT_CLASS = YES_ERROR;
				CLANG_WARN_RANGE_LOOP_ANALYSIS = YES;
				CLANG_WARN_STRICT_PROTOTYPES = YES;
				CLANG_WARN_SUSPICIOUS_MOVE = YES;
				CLANG_WARN_UNGUARDED_AVAILABILITY = YES_AGGRESSIVE;
				CLANG_WARN_UNREACHABLE_CODE = YES;
				CLANG_WARN__DUPLICATE_METHOD_MATCH = YES;
				CODE_SIGN_IDENTITY = "iPhone Developer";
				COPY_PHASE_STRIP = NO;
				DEBUG_INFORMATION_FORMAT = dwarf;
				ENABLE_STRICT_OBJC_MSGSEND = YES;
				ENABLE_TESTABILITY = YES;
				GCC_C_LANGUAGE_STANDARD = gnu11;
				GCC_DYNAMIC_NO_PIC = NO;
				GCC_NO_COMMON_BLOCKS = YES;
				GCC_OPTIMIZATION_LEVEL = 0;
				GCC_PREPROCESSOR_DEFINITIONS = (
					"DEBUG=1",
					"$(inherited)",
				);
				GCC_WARN_64_TO_32_BIT_CONVERSION = YES;
				GCC_WARN_ABOUT_RETURN_TYPE = YES_ERROR;
				GCC_WARN_UNDECLARED_SELECTOR = YES;
				GCC_WARN_UNINITIALIZED_AUTOS = YES_AGGRESSIVE;
				GCC_WARN_UNUSED_FUNCTION = YES;
				GCC_WARN_UNUSED_VARIABLE = YES;
				IPHONEOS_DEPLOYMENT_TARGET = 12.1;
				MTL_ENABLE_DEBUG_INFO = INCLUDE_SOURCE;
				MTL_FAST_MATH = YES;
				ONLY_ACTIVE_ARCH = YES;
				SDKROOT = iphoneos;
				SWIFT_ACTIVE_COMPILATION_CONDITIONS = DEBUG;
				SWIFT_OPTIMIZATION_LEVEL = "-Onone";
			};
			name = Debug;
		};
		F3F9B58A21ED139A00DA0BB2 /* Release */ = {
			isa = XCBuildConfiguration;
			buildSettings = {
				ALWAYS_SEARCH_USER_PATHS = NO;
				CLANG_ANALYZER_NONNULL = YES;
				CLANG_ANALYZER_NUMBER_OBJECT_CONVERSION = YES_AGGRESSIVE;
				CLANG_CXX_LANGUAGE_STANDARD = "gnu++14";
				CLANG_CXX_LIBRARY = "libc++";
				CLANG_ENABLE_MODULES = YES;
				CLANG_ENABLE_OBJC_ARC = YES;
				CLANG_ENABLE_OBJC_WEAK = YES;
				CLANG_WARN_BLOCK_CAPTURE_AUTORELEASING = YES;
				CLANG_WARN_BOOL_CONVERSION = YES;
				CLANG_WARN_COMMA = YES;
				CLANG_WARN_CONSTANT_CONVERSION = YES;
				CLANG_WARN_DEPRECATED_OBJC_IMPLEMENTATIONS = YES;
				CLANG_WARN_DIRECT_OBJC_ISA_USAGE = YES_ERROR;
				CLANG_WARN_DOCUMENTATION_COMMENTS = YES;
				CLANG_WARN_EMPTY_BODY = YES;
				CLANG_WARN_ENUM_CONVERSION = YES;
				CLANG_WARN_INFINITE_RECURSION = YES;
				CLANG_WARN_INT_CONVERSION = YES;
				CLANG_WARN_NON_LITERAL_NULL_CONVERSION = YES;
				CLANG_WARN_OBJC_IMPLICIT_RETAIN_SELF = YES;
				CLANG_WARN_OBJC_LITERAL_CONVERSION = YES;
				CLANG_WARN_OBJC_ROOT_CLASS = YES_ERROR;
				CLANG_WARN_RANGE_LOOP_ANALYSIS = YES;
				CLANG_WARN_STRICT_PROTOTYPES = YES;
				CLANG_WARN_SUSPICIOUS_MOVE = YES;
				CLANG_WARN_UNGUARDED_AVAILABILITY = YES_AGGRESSIVE;
				CLANG_WARN_UNREACHABLE_CODE = YES;
				CLANG_WARN__DUPLICATE_METHOD_MATCH = YES;
				CODE_SIGN_IDENTITY = "iPhone Developer";
				COPY_PHASE_STRIP = NO;
				DEBUG_INFORMATION_FORMAT = "dwarf-with-dsym";
				ENABLE_NS_ASSERTIONS = NO;
				ENABLE_STRICT_OBJC_MSGSEND = YES;
				GCC_C_LANGUAGE_STANDARD = gnu11;
				GCC_NO_COMMON_BLOCKS = YES;
				GCC_WARN_64_TO_32_BIT_CONVERSION = YES;
				GCC_WARN_ABOUT_RETURN_TYPE = YES_ERROR;
				GCC_WARN_UNDECLARED_SELECTOR = YES;
				GCC_WARN_UNINITIALIZED_AUTOS = YES_AGGRESSIVE;
				GCC_WARN_UNUSED_FUNCTION = YES;
				GCC_WARN_UNUSED_VARIABLE = YES;
				IPHONEOS_DEPLOYMENT_TARGET = 12.1;
				MTL_ENABLE_DEBUG_INFO = NO;
				MTL_FAST_MATH = YES;
				SDKROOT = iphoneos;
				SWIFT_COMPILATION_MODE = wholemodule;
				SWIFT_OPTIMIZATION_LEVEL = "-O";
				VALIDATE_PRODUCT = YES;
			};
			name = Release;
		};
		F3F9B58C21ED139A00DA0BB2 /* Debug */ = {
			isa = XCBuildConfiguration;
			buildSettings = {
				ASSETCATALOG_COMPILER_APPICON_NAME = AppIcon;
				CODE_SIGN_STYLE = Automatic;
				INFOPLIST_FILE = PROJFOO/Info.plist;
				LD_RUNPATH_SEARCH_PATHS = (
					"$(inherited)",
					"@executable_path/Frameworks",
				);
				PRODUCT_BUNDLE_IDENTIFIER = ORGNAMEBAR.PROJFOO;
				PRODUCT_NAME = "$(TARGET_NAME)";
				SWIFT_VERSION = 4.2;
				TARGETED_DEVICE_FAMILY = "1,2";
			};
			name = Debug;
		};
		F3F9B58D21ED139A00DA0BB2 /* Release */ = {
			isa = XCBuildConfiguration;
			buildSettings = {
				ASSETCATALOG_COMPILER_APPICON_NAME = AppIcon;
				CODE_SIGN_STYLE = Automatic;
				INFOPLIST_FILE = PROJFOO/Info.plist;
				LD_RUNPATH_SEARCH_PATHS = (
					"$(inherited)",
					"@executable_path/Frameworks",
				);
				PRODUCT_BUNDLE_IDENTIFIER = ORGNAMEBAR.PROJFOO;
				PRODUCT_NAME = "$(TARGET_NAME)";
				SWIFT_VERSION = 4.2;
				TARGETED_DEVICE_FAMILY = "1,2";
			};
			name = Release;
		};
/* End XCBuildConfiguration section */

/* Begin XCConfigurationList section */
		F3F9B57421ED139900DA0BB2 /* Build configuration list for PBXProject "PROJFOO" */ = {
			isa = XCConfigurationList;
			buildConfigurations = (
				F3F9B58921ED139A00DA0BB2 /* Debug */,
				F3F9B58A21ED139A00DA0BB2 /* Release */,
			);
			defaultConfigurationIsVisible = 0;
			defaultConfigurationName = Release;
		};
		F3F9B58B21ED139A00DA0BB2 /* Build configuration list for PBXNativeTarget "PROJFOO" */ = {
			isa = XCConfigurationList;
			buildConfigurations = (
				F3F9B58C21ED139A00DA0BB2 /* Debug */,
				F3F9B58D21ED139A00DA0BB2 /* Release */,
			);
			defaultConfigurationIsVisible = 0;
			defaultConfigurationName = Release;
		};
/* End XCConfigurationList section */
	};
	rootObject = F3F9B57121ED139900DA0BB2 /* Project object */;
}
